
Microsoft Visual Studio Solution File, Format Version 12.00
# Visual Studio Version 18
VisualStudioVersion = 18.0.35327.3
MinimumVisualStudioVersion = 10.0.40219.1
Project("{FAE04EC0-301F-11D3-BF4B-00C04F79EFBC}") = "estadisticas", "estadisticas\estadisticas.csproj", "{FD4672FD-A63D-432F-81AD-0D8B5CE9D2C7}"
EndProject
Global
	GlobalSection(SolutionConfigurationPlatforms) = preSolution
		Debug|Any CPU = Debug|Any CPU
		Release|Any CPU = Release|Any CPU
	EndGlobalSection
	GlobalSection(ProjectConfigurationPlatforms) = postSolution
		{FD4672FD-A63D-432F-81AD-0D8B5CE9D2C7}.Debug|Any CPU.ActiveCfg = Debug|Any CPU
		{FD4672FD-A63D-432F-81AD-0D8B5CE9D2C7}.Debug|Any CPU.Build.0 = Debug|Any CPU
		{FD4672FD-A63D-432F-81AD-0D8B5CE9D2C7}.Release|Any CPU.ActiveCfg = Release|Any CPU
		{FD4672FD-A63D-432F-81AD-0D8B5CE9D2C7}.Release|Any CPU.Build.0 = Release|Any CPU
	EndGlobalSection
	GlobalSection(SolutionProperties) = preSolution
		HideSolutionNode = FALSE
	EndGlobalSection
	GlobalSection(ExtensibilityGlobals) = postSolution
		SolutionGuid = {58DD47FA-100A-4D25-BE77-0F384EA0EBD8}
	EndGlobalSection
EndGlobal
